
Microsoft Visual Studio Solution File, Format Version 12.00
# Visual Studio Version 16
VisualStudioVersion = 16.0.32106.194
MinimumVisualStudioVersion = 10.0.40219.1
Project("{FAE04EC0-301F-11D3-BF4B-00C04F79EFBC}") = "TimedMathQuiz", "TimedMathQuiz\TimedMathQuiz.csproj", "{A49A39C6-7960-4240-AABC-2DA9F7EE6612}"
EndProject
Global
	GlobalSection(SolutionConfigurationPlatforms) = preSolution
		Debug|Any CPU = Debug|Any CPU
		Release|Any CPU = Release|Any CPU
	EndGlobalSection
	GlobalSection(ProjectConfigurationPlatforms) = postSolution
		{A49A39C6-7960-4240-AABC-2DA9F7EE6612}.Debug|Any CPU.ActiveCfg = Debug|Any CPU
		{A49A39C6-7960-4240-AABC-2DA9F7EE6612}.Debug|Any CPU.Build.0 = Debug|Any CPU
		{A49A39C6-7960-4240-AABC-2DA9F7EE6612}.Release|Any CPU.ActiveCfg = Release|Any CPU
		{A49A39C6-7960-4240-AABC-2DA9F7EE6612}.Release|Any CPU.Build.0 = Release|Any CPU
	EndGlobalSection
	GlobalSection(SolutionProperties) = preSolution
		HideSolutionNode = FALSE
	EndGlobalSection
	GlobalSection(ExtensibilityGlobals) = postSolution
		SolutionGuid = {1DF2FB7F-7CA2-40C7-973A-4B901E4E206D}
	EndGlobalSection
EndGlobal
